
Microsoft Visual Studio Solution File, Format Version 12.00
# Visual Studio Version 16
VisualStudioVersion = 16.0.31321.278
MinimumVisualStudioVersion = 10.0.40219.1
Project("{FAE04EC0-301F-11D3-BF4B-00C04F79EFBC}") = "oop", "oop\oop.csproj", "{68B3BCE2-40A8-4A0D-A753-705A82BF953E}"
EndProject
Global
	GlobalSection(SolutionConfigurationPlatforms) = preSolution
		Debug|Any CPU = Debug|Any CPU
		Release|Any CPU = Release|Any CPU
	EndGlobalSection
	GlobalSection(ProjectConfigurationPlatforms) = postSolution
		{68B3BCE2-40A8-4A0D-A753-705A82BF953E}.Debug|Any CPU.ActiveCfg = Debug|Any CPU
		{68B3BCE2-40A8-4A0D-A753-705A82BF953E}.Debug|Any CPU.Build.0 = Debug|Any CPU
		{68B3BCE2-40A8-4A0D-A753-705A82BF953E}.Release|Any CPU.ActiveCfg = Release|Any CPU
		{68B3BCE2-40A8-4A0D-A753-705A82BF953E}.Release|Any CPU.Build.0 = Release|Any CPU
	EndGlobalSection
	GlobalSection(SolutionProperties) = preSolution
		HideSolutionNode = FALSE
	EndGlobalSection
	GlobalSection(ExtensibilityGlobals) = postSolution
		SolutionGuid = {67C3BD59-A415-4F4E-BCFA-0E32B8E9A0AA}
	EndGlobalSection
EndGlobal
