
Microsoft Visual Studio Solution File, Format Version 12.00
# Visual Studio Version 16
VisualStudioVersion = 16.0.31321.278
MinimumVisualStudioVersion = 10.0.40219.1
Project("{FAE04EC0-301F-11D3-BF4B-00C04F79EFBC}") = "chhallengeslists", "chhallengeslists\chhallengeslists.csproj", "{270FF490-0617-458C-B894-A1742B01EFB1}"
EndProject
Global
	GlobalSection(SolutionConfigurationPlatforms) = preSolution
		Debug|Any CPU = Debug|Any CPU
		Release|Any CPU = Release|Any CPU
	EndGlobalSection
	GlobalSection(ProjectConfigurationPlatforms) = postSolution
		{270FF490-0617-458C-B894-A1742B01EFB1}.Debug|Any CPU.ActiveCfg = Debug|Any CPU
		{270FF490-0617-458C-B894-A1742B01EFB1}.Debug|Any CPU.Build.0 = Debug|Any CPU
		{270FF490-0617-458C-B894-A1742B01EFB1}.Release|Any CPU.ActiveCfg = Release|Any CPU
		{270FF490-0617-458C-B894-A1742B01EFB1}.Release|Any CPU.Build.0 = Release|Any CPU
	EndGlobalSection
	GlobalSection(SolutionProperties) = preSolution
		HideSolutionNode = FALSE
	EndGlobalSection
	GlobalSection(ExtensibilityGlobals) = postSolution
		SolutionGuid = {47294D53-EA8D-45FE-95A6-C93E0337F6E9}
	EndGlobalSection
EndGlobal
